Microsoft Visual Studio Solution File, Format Version 11.00
# Visual Studio 2008

Project("{B35D704E-CECA-BD77-CD31-410907F64F5C}") = "Yyy", "Assembly-CSharp.csproj", "{7D7E86A9-69A6-47D8-119F-59CCF2C85223}"
EndProject
Global
	GlobalSection(SolutionConfigurationPlatforms) = preSolution
		Debug|Any CPU = Debug|Any CPU
		Release|Any CPU = Release|Any CPU
	EndGlobalSection
	GlobalSection(ProjectConfigurationPlatforms) = postSolution
		{7D7E86A9-69A6-47D8-119F-59CCF2C85223}.Debug|Any CPU.ActiveCfg = Debug|Any CPU
		{7D7E86A9-69A6-47D8-119F-59CCF2C85223}.Debug|Any CPU.Build.0 = Debug|Any CPU
		{7D7E86A9-69A6-47D8-119F-59CCF2C85223}.Release|Any CPU.ActiveCfg = Release|Any CPU
		{7D7E86A9-69A6-47D8-119F-59CCF2C85223}.Release|Any CPU.Build.0 = Release|Any CPU
	EndGlobalSection
	GlobalSection(SolutionProperties) = preSolution
		HideSolutionNode = FALSE
	EndGlobalSection
	GlobalSection(MonoDevelopProperties) = preSolution
		StartupItem = Assembly-CSharp.csproj
	EndGlobalSection
EndGlobal
